
Microsoft Visual Studio Solution File, Format Version 12.00
# Visual Studio 14
VisualStudioVersion = 14.0.25420.1
MinimumVisualStudioVersion = 10.0.40219.1
Project("{8BC9CEB8-8B4A-11D0-8D11-00A0C91BC942}") = "HelloSocket", "HelloSocket\HelloSocket.vcxproj", "{688A4EE0-BB9E-4ACC-B67F-C17A2C58EE08}"
EndProject
Project("{8BC9CEB8-8B4A-11D0-8D11-00A0C91BC942}") = "EasyTcpServer", "EasyTcpServer\EasyTcpServer.vcxproj", "{391AC8B4-C301-4FA9-B5FE-1942241033D1}"
EndProject
Project("{8BC9CEB8-8B4A-11D0-8D11-00A0C91BC942}") = "EasyTcpClient", "EasyTcpClient\EasyTcpClient.vcxproj", "{6863B1B6-FD44-46E5-8B16-47526EACA72F}"
EndProject
Project("{8BC9CEB8-8B4A-11D0-8D11-00A0C91BC942}") = "TestServer", "TestServer\TestServer.vcxproj", "{A499BB20-31A0-465E-8F76-D22434C82C15}"
EndProject
Project("{8BC9CEB8-8B4A-11D0-8D11-00A0C91BC942}") = "TestClient", "TestClient\TestClient.vcxproj", "{B68FA50A-81FB-4502-860E-92C9CD510D62}"
EndProject
Project("{8BC9CEB8-8B4A-11D0-8D11-00A0C91BC942}") = "MemoryManager", "MemoryManager\MemoryManager.vcxproj", "{51508F82-AE16-4F95-BDA4-65AF5FD8BA67}"
EndProject
Project("{8BC9CEB8-8B4A-11D0-8D11-00A0C91BC942}") = "HelloC11", "HelloC11\HelloC11.vcxproj", "{CA7EC5F7-38D2-4C9D-8D05-866D0285E4D3}"
EndProject
Project("{8BC9CEB8-8B4A-11D0-8D11-00A0C91BC942}") = "CommonDll", "CommonDll\CommonDll.vcxproj", "{317084E2-F36E-46D3-AB76-55C76F3B6927}"
EndProject
Global
	GlobalSection(SolutionConfigurationPlatforms) = preSolution
		Debug|ARM = Debug|ARM
		Debug|x64 = Debug|x64
		Debug|x86 = Debug|x86
		Release|ARM = Release|ARM
		Release|x64 = Release|x64
		Release|x86 = Release|x86
	EndGlobalSection
	GlobalSection(ProjectConfigurationPlatforms) = postSolution
		{688A4EE0-BB9E-4ACC-B67F-C17A2C58EE08}.Debug|ARM.ActiveCfg = Debug|Win32
		{688A4EE0-BB9E-4ACC-B67F-C17A2C58EE08}.Debug|x64.ActiveCfg = Debug|x64
		{688A4EE0-BB9E-4ACC-B67F-C17A2C58EE08}.Debug|x64.Build.0 = Debug|x64
		{688A4EE0-BB9E-4ACC-B67F-C17A2C58EE08}.Debug|x86.ActiveCfg = Debug|Win32
		{688A4EE0-BB9E-4ACC-B67F-C17A2C58EE08}.Debug|x86.Build.0 = Debug|Win32
		{688A4EE0-BB9E-4ACC-B67F-C17A2C58EE08}.Release|ARM.ActiveCfg = Release|Win32
		{688A4EE0-BB9E-4ACC-B67F-C17A2C58EE08}.Release|x64.ActiveCfg = Release|x64
		{688A4EE0-BB9E-4ACC-B67F-C17A2C58EE08}.Release|x64.Build.0 = Release|x64
		{688A4EE0-BB9E-4ACC-B67F-C17A2C58EE08}.Release|x86.ActiveCfg = Release|Win32
		{688A4EE0-BB9E-4ACC-B67F-C17A2C58EE08}.Release|x86.Build.0 = Release|Win32
		{391AC8B4-C301-4FA9-B5FE-1942241033D1}.Debug|ARM.ActiveCfg = Debug|Win32
		{391AC8B4-C301-4FA9-B5FE-1942241033D1}.Debug|x64.ActiveCfg = Debug|x64
		{391AC8B4-C301-4FA9-B5FE-1942241033D1}.Debug|x64.Build.0 = Debug|x64
		{391AC8B4-C301-4FA9-B5FE-1942241033D1}.Debug|x86.ActiveCfg = Debug|Win32
		{391AC8B4-C301-4FA9-B5FE-1942241033D1}.Debug|x86.Build.0 = Debug|Win32
		{391AC8B4-C301-4FA9-B5FE-1942241033D1}.Release|ARM.ActiveCfg = Release|Win32
		{391AC8B4-C301-4FA9-B5FE-1942241033D1}.Release|x64.ActiveCfg = Release|x64
		{391AC8B4-C301-4FA9-B5FE-1942241033D1}.Release|x64.Build.0 = Release|x64
		{391AC8B4-C301-4FA9-B5FE-1942241033D1}.Release|x86.ActiveCfg = Release|Win32
		{391AC8B4-C301-4FA9-B5FE-1942241033D1}.Release|x86.Build.0 = Release|Win32
		{6863B1B6-FD44-46E5-8B16-47526EACA72F}.Debug|ARM.ActiveCfg = Debug|Win32
		{6863B1B6-FD44-46E5-8B16-47526EACA72F}.Debug|x64.ActiveCfg = Debug|x64
		{6863B1B6-FD44-46E5-8B16-47526EACA72F}.Debug|x64.Build.0 = Debug|x64
		{6863B1B6-FD44-46E5-8B16-47526EACA72F}.Debug|x86.ActiveCfg = Debug|Win32
		{6863B1B6-FD44-46E5-8B16-47526EACA72F}.Debug|x86.Build.0 = Debug|Win32
		{6863B1B6-FD44-46E5-8B16-47526EACA72F}.Release|ARM.ActiveCfg = Release|Win32
		{6863B1B6-FD44-46E5-8B16-47526EACA72F}.Release|x64.ActiveCfg = Release|x64
		{6863B1B6-FD44-46E5-8B16-47526EACA72F}.Release|x64.Build.0 = Release|x64
		{6863B1B6-FD44-46E5-8B16-47526EACA72F}.Release|x86.ActiveCfg = Release|Win32
		{6863B1B6-FD44-46E5-8B16-47526EACA72F}.Release|x86.Build.0 = Release|Win32
		{A499BB20-31A0-465E-8F76-D22434C82C15}.Debug|ARM.ActiveCfg = Debug|Win32
		{A499BB20-31A0-465E-8F76-D22434C82C15}.Debug|x64.ActiveCfg = Debug|x64
		{A499BB20-31A0-465E-8F76-D22434C82C15}.Debug|x64.Build.0 = Debug|x64
		{A499BB20-31A0-465E-8F76-D22434C82C15}.Debug|x86.ActiveCfg = Debug|Win32
		{A499BB20-31A0-465E-8F76-D22434C82C15}.Debug|x86.Build.0 = Debug|Win32
		{A499BB20-31A0-465E-8F76-D22434C82C15}.Release|ARM.ActiveCfg = Release|Win32
		{A499BB20-31A0-465E-8F76-D22434C82C15}.Release|x64.ActiveCfg = Release|x64
		{A499BB20-31A0-465E-8F76-D22434C82C15}.Release|x64.Build.0 = Release|x64
		{A499BB20-31A0-465E-8F76-D22434C82C15}.Release|x86.ActiveCfg = Release|Win32
		{A499BB20-31A0-465E-8F76-D22434C82C15}.Release|x86.Build.0 = Release|Win32
		{B68FA50A-81FB-4502-860E-92C9CD510D62}.Debug|ARM.ActiveCfg = Debug|Win32
		{B68FA50A-81FB-4502-860E-92C9CD510D62}.Debug|x64.ActiveCfg = Debug|x64
		{B68FA50A-81FB-4502-860E-92C9CD510D62}.Debug|x64.Build.0 = Debug|x64
		{B68FA50A-81FB-4502-860E-92C9CD510D62}.Debug|x86.ActiveCfg = Debug|Win32
		{B68FA50A-81FB-4502-860E-92C9CD510D62}.Debug|x86.Build.0 = Debug|Win32
		{B68FA50A-81FB-4502-860E-92C9CD510D62}.Release|ARM.ActiveCfg = Release|Win32
		{B68FA50A-81FB-4502-860E-92C9CD510D62}.Release|x64.ActiveCfg = Release|x64
		{B68FA50A-81FB-4502-860E-92C9CD510D62}.Release|x64.Build.0 = Release|x64
		{B68FA50A-81FB-4502-860E-92C9CD510D62}.Release|x86.ActiveCfg = Release|Win32
		{B68FA50A-81FB-4502-860E-92C9CD510D62}.Release|x86.Build.0 = Release|Win32
		{51508F82-AE16-4F95-BDA4-65AF5FD8BA67}.Debug|ARM.ActiveCfg = Debug|Win32
		{51508F82-AE16-4F95-BDA4-65AF5FD8BA67}.Debug|x64.ActiveCfg = Debug|x64
		{51508F82-AE16-4F95-BDA4-65AF5FD8BA67}.Debug|x64.Build.0 = Debug|x64
		{51508F82-AE16-4F95-BDA4-65AF5FD8BA67}.Debug|x86.ActiveCfg = Debug|Win32
		{51508F82-AE16-4F95-BDA4-65AF5FD8BA67}.Debug|x86.Build.0 = Debug|Win32
		{51508F82-AE16-4F95-BDA4-65AF5FD8BA67}.Release|ARM.ActiveCfg = Release|Win32
		{51508F82-AE16-4F95-BDA4-65AF5FD8BA67}.Release|x64.ActiveCfg = Release|x64
		{51508F82-AE16-4F95-BDA4-65AF5FD8BA67}.Release|x64.Build.0 = Release|x64
		{51508F82-AE16-4F95-BDA4-65AF5FD8BA67}.Release|x86.ActiveCfg = Release|Win32
		{51508F82-AE16-4F95-BDA4-65AF5FD8BA67}.Release|x86.Build.0 = Release|Win32
		{CA7EC5F7-38D2-4C9D-8D05-866D0285E4D3}.Debug|ARM.ActiveCfg = Debug|Win32
		{CA7EC5F7-38D2-4C9D-8D05-866D0285E4D3}.Debug|x64.ActiveCfg = Debug|x64
		{CA7EC5F7-38D2-4C9D-8D05-866D0285E4D3}.Debug|x64.Build.0 = Debug|x64
		{CA7EC5F7-38D2-4C9D-8D05-866D0285E4D3}.Debug|x86.ActiveCfg = Debug|Win32
		{CA7EC5F7-38D2-4C9D-8D05-866D0285E4D3}.Debug|x86.Build.0 = Debug|Win32
		{CA7EC5F7-38D2-4C9D-8D05-866D0285E4D3}.Release|ARM.ActiveCfg = Release|Win32
		{CA7EC5F7-38D2-4C9D-8D05-866D0285E4D3}.Release|x64.ActiveCfg = Release|x64
		{CA7EC5F7-38D2-4C9D-8D05-866D0285E4D3}.Release|x64.Build.0 = Release|x64
		{CA7EC5F7-38D2-4C9D-8D05-866D0285E4D3}.Release|x86.ActiveCfg = Release|Win32
		{CA7EC5F7-38D2-4C9D-8D05-866D0285E4D3}.Release|x86.Build.0 = Release|Win32
		{317084E2-F36E-46D3-AB76-55C76F3B6927}.Debug|ARM.ActiveCfg = Debug|Win32
		{317084E2-F36E-46D3-AB76-55C76F3B6927}.Debug|x64.ActiveCfg = Debug|x64
		{317084E2-F36E-46D3-AB76-55C76F3B6927}.Debug|x64.Build.0 = Debug|x64
		{317084E2-F36E-46D3-AB76-55C76F3B6927}.Debug|x86.ActiveCfg = Debug|Win32
		{317084E2-F36E-46D3-AB76-55C76F3B6927}.Debug|x86.Build.0 = Debug|Win32
		{317084E2-F36E-46D3-AB76-55C76F3B6927}.Release|ARM.ActiveCfg = Release|Win32
		{317084E2-F36E-46D3-AB76-55C76F3B6927}.Release|x64.ActiveCfg = Release|x64
		{317084E2-F36E-46D3-AB76-55C76F3B6927}.Release|x64.Build.0 = Release|x64
		{317084E2-F36E-46D3-AB76-55C76F3B6927}.Release|x86.ActiveCfg = Release|Win32
		{317084E2-F36E-46D3-AB76-55C76F3B6927}.Release|x86.Build.0 = Release|Win32
	EndGlobalSection
	GlobalSection(SolutionProperties) = preSolution
		HideSolutionNode = FALSE
	EndGlobalSection
EndGlobal
