
Microsoft Visual Studio Solution File, Format Version 12.00
# Visual Studio 14
VisualStudioVersion = 14.0.25420.1
MinimumVisualStudioVersion = 10.0.40219.1
Project("{8BC9CEB8-8B4A-11D0-8D11-00A0C91BC942}") = "HelloSocket", "HelloSocket\HelloSocket.vcxproj", "{688A4EE0-BB9E-4ACC-B67F-C17A2C58EE08}"
EndProject
Project("{8BC9CEB8-8B4A-11D0-8D11-00A0C91BC942}") = "EasyTcpServer", "EasyTcpServer\EasyTcpServer.vcxproj", "{391AC8B4-C301-4FA9-B5FE-1942241033D1}"
EndProject
Project("{8BC9CEB8-8B4A-11D0-8D11-00A0C91BC942}") = "EasyTcpClient", "EasyTcpClient\EasyTcpClient.vcxproj", "{6863B1B6-FD44-46E5-8B16-47526EACA72F}"
EndProject
Project("{8BC9CEB8-8B4A-11D0-8D11-00A0C91BC942}") = "SelectTcpServer", "SelectTcpServer\SelectTcpServer.vcxproj", "{9C454F73-BA27-43CF-BA44-A631F56FA5FA}"
EndProject
Project("{8BC9CEB8-8B4A-11D0-8D11-00A0C91BC942}") = "SelectTcpClient", "SelectTcpClient\SelectTcpClient.vcxproj", "{1AB7827B-F4D6-4F1D-A07F-81FE7A923D55}"
EndProject
Project("{8BC9CEB8-8B4A-11D0-8D11-00A0C91BC942}") = "TestServer", "TestServer\TestServer.vcxproj", "{A499BB20-31A0-465E-8F76-D22434C82C15}"
EndProject
Project("{8BC9CEB8-8B4A-11D0-8D11-00A0C91BC942}") = "TestClient", "TestClient\TestClient.vcxproj", "{B68FA50A-81FB-4502-860E-92C9CD510D62}"
EndProject
Global
	GlobalSection(SolutionConfigurationPlatforms) = preSolution
		Debug|x64 = Debug|x64
		Debug|x86 = Debug|x86
		Release|x64 = Release|x64
		Release|x86 = Release|x86
	EndGlobalSection
	GlobalSection(ProjectConfigurationPlatforms) = postSolution
		{688A4EE0-BB9E-4ACC-B67F-C17A2C58EE08}.Debug|x64.ActiveCfg = Debug|x64
		{688A4EE0-BB9E-4ACC-B67F-C17A2C58EE08}.Debug|x64.Build.0 = Debug|x64
		{688A4EE0-BB9E-4ACC-B67F-C17A2C58EE08}.Debug|x86.ActiveCfg = Debug|Win32
		{688A4EE0-BB9E-4ACC-B67F-C17A2C58EE08}.Debug|x86.Build.0 = Debug|Win32
		{688A4EE0-BB9E-4ACC-B67F-C17A2C58EE08}.Release|x64.ActiveCfg = Release|x64
		{688A4EE0-BB9E-4ACC-B67F-C17A2C58EE08}.Release|x64.Build.0 = Release|x64
		{688A4EE0-BB9E-4ACC-B67F-C17A2C58EE08}.Release|x86.ActiveCfg = Release|Win32
		{688A4EE0-BB9E-4ACC-B67F-C17A2C58EE08}.Release|x86.Build.0 = Release|Win32
		{391AC8B4-C301-4FA9-B5FE-1942241033D1}.Debug|x64.ActiveCfg = Debug|x64
		{391AC8B4-C301-4FA9-B5FE-1942241033D1}.Debug|x64.Build.0 = Debug|x64
		{391AC8B4-C301-4FA9-B5FE-1942241033D1}.Debug|x86.ActiveCfg = Debug|Win32
		{391AC8B4-C301-4FA9-B5FE-1942241033D1}.Debug|x86.Build.0 = Debug|Win32
		{391AC8B4-C301-4FA9-B5FE-1942241033D1}.Release|x64.ActiveCfg = Release|x64
		{391AC8B4-C301-4FA9-B5FE-1942241033D1}.Release|x64.Build.0 = Release|x64
		{391AC8B4-C301-4FA9-B5FE-1942241033D1}.Release|x86.ActiveCfg = Release|Win32
		{391AC8B4-C301-4FA9-B5FE-1942241033D1}.Release|x86.Build.0 = Release|Win32
		{6863B1B6-FD44-46E5-8B16-47526EACA72F}.Debug|x64.ActiveCfg = Debug|x64
		{6863B1B6-FD44-46E5-8B16-47526EACA72F}.Debug|x64.Build.0 = Debug|x64
		{6863B1B6-FD44-46E5-8B16-47526EACA72F}.Debug|x86.ActiveCfg = Debug|Win32
		{6863B1B6-FD44-46E5-8B16-47526EACA72F}.Debug|x86.Build.0 = Debug|Win32
		{6863B1B6-FD44-46E5-8B16-47526EACA72F}.Release|x64.ActiveCfg = Release|x64
		{6863B1B6-FD44-46E5-8B16-47526EACA72F}.Release|x64.Build.0 = Release|x64
		{6863B1B6-FD44-46E5-8B16-47526EACA72F}.Release|x86.ActiveCfg = Release|Win32
		{6863B1B6-FD44-46E5-8B16-47526EACA72F}.Release|x86.Build.0 = Release|Win32
		{9C454F73-BA27-43CF-BA44-A631F56FA5FA}.Debug|x64.ActiveCfg = Debug|x64
		{9C454F73-BA27-43CF-BA44-A631F56FA5FA}.Debug|x64.Build.0 = Debug|x64
		{9C454F73-BA27-43CF-BA44-A631F56FA5FA}.Debug|x86.ActiveCfg = Debug|Win32
		{9C454F73-BA27-43CF-BA44-A631F56FA5FA}.Debug|x86.Build.0 = Debug|Win32
		{9C454F73-BA27-43CF-BA44-A631F56FA5FA}.Release|x64.ActiveCfg = Release|x64
		{9C454F73-BA27-43CF-BA44-A631F56FA5FA}.Release|x64.Build.0 = Release|x64
		{9C454F73-BA27-43CF-BA44-A631F56FA5FA}.Release|x86.ActiveCfg = Release|Win32
		{9C454F73-BA27-43CF-BA44-A631F56FA5FA}.Release|x86.Build.0 = Release|Win32
		{1AB7827B-F4D6-4F1D-A07F-81FE7A923D55}.Debug|x64.ActiveCfg = Debug|x64
		{1AB7827B-F4D6-4F1D-A07F-81FE7A923D55}.Debug|x64.Build.0 = Debug|x64
		{1AB7827B-F4D6-4F1D-A07F-81FE7A923D55}.Debug|x86.ActiveCfg = Debug|Win32
		{1AB7827B-F4D6-4F1D-A07F-81FE7A923D55}.Debug|x86.Build.0 = Debug|Win32
		{1AB7827B-F4D6-4F1D-A07F-81FE7A923D55}.Release|x64.ActiveCfg = Release|x64
		{1AB7827B-F4D6-4F1D-A07F-81FE7A923D55}.Release|x64.Build.0 = Release|x64
		{1AB7827B-F4D6-4F1D-A07F-81FE7A923D55}.Release|x86.ActiveCfg = Release|Win32
		{1AB7827B-F4D6-4F1D-A07F-81FE7A923D55}.Release|x86.Build.0 = Release|Win32
		{A499BB20-31A0-465E-8F76-D22434C82C15}.Debug|x64.ActiveCfg = Debug|x64
		{A499BB20-31A0-465E-8F76-D22434C82C15}.Debug|x64.Build.0 = Debug|x64
		{A499BB20-31A0-465E-8F76-D22434C82C15}.Debug|x86.ActiveCfg = Debug|Win32
		{A499BB20-31A0-465E-8F76-D22434C82C15}.Debug|x86.Build.0 = Debug|Win32
		{A499BB20-31A0-465E-8F76-D22434C82C15}.Release|x64.ActiveCfg = Release|x64
		{A499BB20-31A0-465E-8F76-D22434C82C15}.Release|x64.Build.0 = Release|x64
		{A499BB20-31A0-465E-8F76-D22434C82C15}.Release|x86.ActiveCfg = Release|Win32
		{A499BB20-31A0-465E-8F76-D22434C82C15}.Release|x86.Build.0 = Release|Win32
		{B68FA50A-81FB-4502-860E-92C9CD510D62}.Debug|x64.ActiveCfg = Debug|x64
		{B68FA50A-81FB-4502-860E-92C9CD510D62}.Debug|x64.Build.0 = Debug|x64
		{B68FA50A-81FB-4502-860E-92C9CD510D62}.Debug|x86.ActiveCfg = Debug|Win32
		{B68FA50A-81FB-4502-860E-92C9CD510D62}.Debug|x86.Build.0 = Debug|Win32
		{B68FA50A-81FB-4502-860E-92C9CD510D62}.Release|x64.ActiveCfg = Release|x64
		{B68FA50A-81FB-4502-860E-92C9CD510D62}.Release|x64.Build.0 = Release|x64
		{B68FA50A-81FB-4502-860E-92C9CD510D62}.Release|x86.ActiveCfg = Release|Win32
		{B68FA50A-81FB-4502-860E-92C9CD510D62}.Release|x86.Build.0 = Release|Win32
	EndGlobalSection
	GlobalSection(SolutionProperties) = preSolution
		HideSolutionNode = FALSE
	EndGlobalSection
EndGlobal
